
Microsoft Visual Studio Solution File, Format Version 12.00
# Visual Studio 14
VisualStudioVersion = 14.0.25123.0
MinimumVisualStudioVersion = 10.0.40219.1
Project("{FAE04EC0-301F-11D3-BF4B-00C04F79EFBC}") = "AmpDll", "AmpDll\AmpDll.csproj", "{1BAAB9D4-EBFE-4648-870C-BE17FE90EB9F}"
EndProject
Project("{FAE04EC0-301F-11D3-BF4B-00C04F79EFBC}") = "AmpMixer", "AmpMixer\AmpMixer.csproj", "{71F98731-E464-42B7-843C-E97D2979A5CD}"
EndProject
Project("{FAE04EC0-301F-11D3-BF4B-00C04F79EFBC}") = "AmpConfig", "AmpConfig\AmpConfig.csproj", "{356BF327-41E9-4C6C-BBE5-FD0453E0DF0B}"
EndProject
Project("{FAE04EC0-301F-11D3-BF4B-00C04F79EFBC}") = "AmpService", "AmpService\AmpService.csproj", "{8D1F1E1A-03EE-4807-8C14-798C3F1A3031}"
EndProject
Project("{FAE04EC0-301F-11D3-BF4B-00C04F79EFBC}") = "AmpLoader", "AmpLoader\AmpLoader.csproj", "{36F34E98-9880-457C-8386-CA83D5667744}"
EndProject
Project("{FAE04EC0-301F-11D3-BF4B-00C04F79EFBC}") = "AmpTest", "AmpTest\AmpTest.csproj", "{66FBBA6C-34E4-425A-A407-9E24A94F6966}"
EndProject
Project("{FAE04EC0-301F-11D3-BF4B-00C04F79EFBC}") = "AmpConfigDll", "AmpConfigDll\AmpConfigDll.csproj", "{85895839-7F7D-406B-943D-F6BFDE43DBB9}"
EndProject
Project("{F184B08F-C81C-45F6-A57F-5ABD9991F28F}") = "HSPI_MONOAMP", "HSPI_MONOAMP\HSPI_MONOAMP.vbproj", "{64189C38-D99C-4799-9C63-1E7AD7A83F5A}"
EndProject
Project("{FAE04EC0-301F-11D3-BF4B-00C04F79EFBC}") = "AmpApi", "AmpApi\AmpApi.csproj", "{D3646EFA-1CB6-4CF6-83C7-1963525FC3F0}"
EndProject
Global
	GlobalSection(SolutionConfigurationPlatforms) = preSolution
		Debug|Any CPU = Debug|Any CPU
		Debug|Mixed Platforms = Debug|Mixed Platforms
		Debug|x86 = Debug|x86
		Linux Debug|Any CPU = Linux Debug|Any CPU
		Linux Debug|Mixed Platforms = Linux Debug|Mixed Platforms
		Linux Debug|x86 = Linux Debug|x86
		Linux Release|Any CPU = Linux Release|Any CPU
		Linux Release|Mixed Platforms = Linux Release|Mixed Platforms
		Linux Release|x86 = Linux Release|x86
		Linux Zee Debug|Any CPU = Linux Zee Debug|Any CPU
		Linux Zee Debug|Mixed Platforms = Linux Zee Debug|Mixed Platforms
		Linux Zee Debug|x86 = Linux Zee Debug|x86
		Linux Zee Release|Any CPU = Linux Zee Release|Any CPU
		Linux Zee Release|Mixed Platforms = Linux Zee Release|Mixed Platforms
		Linux Zee Release|x86 = Linux Zee Release|x86
		Linux ZeePlus Release|Any CPU = Linux ZeePlus Release|Any CPU
		Linux ZeePlus Release|Mixed Platforms = Linux ZeePlus Release|Mixed Platforms
		Linux ZeePlus Release|x86 = Linux ZeePlus Release|x86
		Release|Any CPU = Release|Any CPU
		Release|Mixed Platforms = Release|Mixed Platforms
		Release|x86 = Release|x86
	EndGlobalSection
	GlobalSection(ProjectConfigurationPlatforms) = postSolution
		{1BAAB9D4-EBFE-4648-870C-BE17FE90EB9F}.Debug|Any CPU.ActiveCfg = Debug|Any CPU
		{1BAAB9D4-EBFE-4648-870C-BE17FE90EB9F}.Debug|Any CPU.Build.0 = Debug|Any CPU
		{1BAAB9D4-EBFE-4648-870C-BE17FE90EB9F}.Debug|Mixed Platforms.ActiveCfg = Debug|Any CPU
		{1BAAB9D4-EBFE-4648-870C-BE17FE90EB9F}.Debug|Mixed Platforms.Build.0 = Debug|Any CPU
		{1BAAB9D4-EBFE-4648-870C-BE17FE90EB9F}.Debug|x86.ActiveCfg = Debug|Any CPU
		{1BAAB9D4-EBFE-4648-870C-BE17FE90EB9F}.Linux Debug|Any CPU.ActiveCfg = Debug|Any CPU
		{1BAAB9D4-EBFE-4648-870C-BE17FE90EB9F}.Linux Debug|Any CPU.Build.0 = Debug|Any CPU
		{1BAAB9D4-EBFE-4648-870C-BE17FE90EB9F}.Linux Debug|Mixed Platforms.ActiveCfg = Debug|Any CPU
		{1BAAB9D4-EBFE-4648-870C-BE17FE90EB9F}.Linux Debug|Mixed Platforms.Build.0 = Debug|Any CPU
		{1BAAB9D4-EBFE-4648-870C-BE17FE90EB9F}.Linux Debug|x86.ActiveCfg = Debug|Any CPU
		{1BAAB9D4-EBFE-4648-870C-BE17FE90EB9F}.Linux Release|Any CPU.ActiveCfg = Release|Any CPU
		{1BAAB9D4-EBFE-4648-870C-BE17FE90EB9F}.Linux Release|Any CPU.Build.0 = Release|Any CPU
		{1BAAB9D4-EBFE-4648-870C-BE17FE90EB9F}.Linux Release|Mixed Platforms.ActiveCfg = Release|Any CPU
		{1BAAB9D4-EBFE-4648-870C-BE17FE90EB9F}.Linux Release|Mixed Platforms.Build.0 = Release|Any CPU
		{1BAAB9D4-EBFE-4648-870C-BE17FE90EB9F}.Linux Release|x86.ActiveCfg = Release|Any CPU
		{1BAAB9D4-EBFE-4648-870C-BE17FE90EB9F}.Linux Zee Debug|Any CPU.ActiveCfg = Debug|Any CPU
		{1BAAB9D4-EBFE-4648-870C-BE17FE90EB9F}.Linux Zee Debug|Any CPU.Build.0 = Debug|Any CPU
		{1BAAB9D4-EBFE-4648-870C-BE17FE90EB9F}.Linux Zee Debug|Mixed Platforms.ActiveCfg = Debug|Any CPU
		{1BAAB9D4-EBFE-4648-870C-BE17FE90EB9F}.Linux Zee Debug|Mixed Platforms.Build.0 = Debug|Any CPU
		{1BAAB9D4-EBFE-4648-870C-BE17FE90EB9F}.Linux Zee Debug|x86.ActiveCfg = Debug|Any CPU
		{1BAAB9D4-EBFE-4648-870C-BE17FE90EB9F}.Linux Zee Release|Any CPU.ActiveCfg = Release|Any CPU
		{1BAAB9D4-EBFE-4648-870C-BE17FE90EB9F}.Linux Zee Release|Any CPU.Build.0 = Release|Any CPU
		{1BAAB9D4-EBFE-4648-870C-BE17FE90EB9F}.Linux Zee Release|Mixed Platforms.ActiveCfg = Release|Any CPU
		{1BAAB9D4-EBFE-4648-870C-BE17FE90EB9F}.Linux Zee Release|Mixed Platforms.Build.0 = Release|Any CPU
		{1BAAB9D4-EBFE-4648-870C-BE17FE90EB9F}.Linux Zee Release|x86.ActiveCfg = Release|Any CPU
		{1BAAB9D4-EBFE-4648-870C-BE17FE90EB9F}.Linux ZeePlus Release|Any CPU.ActiveCfg = Release|Any CPU
		{1BAAB9D4-EBFE-4648-870C-BE17FE90EB9F}.Linux ZeePlus Release|Any CPU.Build.0 = Release|Any CPU
		{1BAAB9D4-EBFE-4648-870C-BE17FE90EB9F}.Linux ZeePlus Release|Mixed Platforms.ActiveCfg = Release|Any CPU
		{1BAAB9D4-EBFE-4648-870C-BE17FE90EB9F}.Linux ZeePlus Release|Mixed Platforms.Build.0 = Release|Any CPU
		{1BAAB9D4-EBFE-4648-870C-BE17FE90EB9F}.Linux ZeePlus Release|x86.ActiveCfg = Release|Any CPU
		{1BAAB9D4-EBFE-4648-870C-BE17FE90EB9F}.Release|Any CPU.ActiveCfg = Release|Any CPU
		{1BAAB9D4-EBFE-4648-870C-BE17FE90EB9F}.Release|Any CPU.Build.0 = Release|Any CPU
		{1BAAB9D4-EBFE-4648-870C-BE17FE90EB9F}.Release|Mixed Platforms.ActiveCfg = Release|Any CPU
		{1BAAB9D4-EBFE-4648-870C-BE17FE90EB9F}.Release|Mixed Platforms.Build.0 = Release|Any CPU
		{1BAAB9D4-EBFE-4648-870C-BE17FE90EB9F}.Release|x86.ActiveCfg = Release|Any CPU
		{71F98731-E464-42B7-843C-E97D2979A5CD}.Debug|Any CPU.ActiveCfg = Debug|Any CPU
		{71F98731-E464-42B7-843C-E97D2979A5CD}.Debug|Any CPU.Build.0 = Debug|Any CPU
		{71F98731-E464-42B7-843C-E97D2979A5CD}.Debug|Mixed Platforms.ActiveCfg = Debug|Any CPU
		{71F98731-E464-42B7-843C-E97D2979A5CD}.Debug|Mixed Platforms.Build.0 = Debug|Any CPU
		{71F98731-E464-42B7-843C-E97D2979A5CD}.Debug|x86.ActiveCfg = Debug|Any CPU
		{71F98731-E464-42B7-843C-E97D2979A5CD}.Linux Debug|Any CPU.ActiveCfg = Debug|Any CPU
		{71F98731-E464-42B7-843C-E97D2979A5CD}.Linux Debug|Any CPU.Build.0 = Debug|Any CPU
		{71F98731-E464-42B7-843C-E97D2979A5CD}.Linux Debug|Mixed Platforms.ActiveCfg = Debug|Any CPU
		{71F98731-E464-42B7-843C-E97D2979A5CD}.Linux Debug|Mixed Platforms.Build.0 = Debug|Any CPU
		{71F98731-E464-42B7-843C-E97D2979A5CD}.Linux Debug|x86.ActiveCfg = Debug|Any CPU
		{71F98731-E464-42B7-843C-E97D2979A5CD}.Linux Release|Any CPU.ActiveCfg = Release|Any CPU
		{71F98731-E464-42B7-843C-E97D2979A5CD}.Linux Release|Any CPU.Build.0 = Release|Any CPU
		{71F98731-E464-42B7-843C-E97D2979A5CD}.Linux Release|Mixed Platforms.ActiveCfg = Release|Any CPU
		{71F98731-E464-42B7-843C-E97D2979A5CD}.Linux Release|Mixed Platforms.Build.0 = Release|Any CPU
		{71F98731-E464-42B7-843C-E97D2979A5CD}.Linux Release|x86.ActiveCfg = Release|Any CPU
		{71F98731-E464-42B7-843C-E97D2979A5CD}.Linux Zee Debug|Any CPU.ActiveCfg = Debug|Any CPU
		{71F98731-E464-42B7-843C-E97D2979A5CD}.Linux Zee Debug|Any CPU.Build.0 = Debug|Any CPU
		{71F98731-E464-42B7-843C-E97D2979A5CD}.Linux Zee Debug|Mixed Platforms.ActiveCfg = Debug|Any CPU
		{71F98731-E464-42B7-843C-E97D2979A5CD}.Linux Zee Debug|Mixed Platforms.Build.0 = Debug|Any CPU
		{71F98731-E464-42B7-843C-E97D2979A5CD}.Linux Zee Debug|x86.ActiveCfg = Debug|Any CPU
		{71F98731-E464-42B7-843C-E97D2979A5CD}.Linux Zee Release|Any CPU.ActiveCfg = Release|Any CPU
		{71F98731-E464-42B7-843C-E97D2979A5CD}.Linux Zee Release|Any CPU.Build.0 = Release|Any CPU
		{71F98731-E464-42B7-843C-E97D2979A5CD}.Linux Zee Release|Mixed Platforms.ActiveCfg = Release|Any CPU
		{71F98731-E464-42B7-843C-E97D2979A5CD}.Linux Zee Release|Mixed Platforms.Build.0 = Release|Any CPU
		{71F98731-E464-42B7-843C-E97D2979A5CD}.Linux Zee Release|x86.ActiveCfg = Release|Any CPU
		{71F98731-E464-42B7-843C-E97D2979A5CD}.Linux ZeePlus Release|Any CPU.ActiveCfg = Release|Any CPU
		{71F98731-E464-42B7-843C-E97D2979A5CD}.Linux ZeePlus Release|Any CPU.Build.0 = Release|Any CPU
		{71F98731-E464-42B7-843C-E97D2979A5CD}.Linux ZeePlus Release|Mixed Platforms.ActiveCfg = Release|Any CPU
		{71F98731-E464-42B7-843C-E97D2979A5CD}.Linux ZeePlus Release|Mixed Platforms.Build.0 = Release|Any CPU
		{71F98731-E464-42B7-843C-E97D2979A5CD}.Linux ZeePlus Release|x86.ActiveCfg = Release|Any CPU
		{71F98731-E464-42B7-843C-E97D2979A5CD}.Release|Any CPU.ActiveCfg = Release|Any CPU
		{71F98731-E464-42B7-843C-E97D2979A5CD}.Release|Any CPU.Build.0 = Release|Any CPU
		{71F98731-E464-42B7-843C-E97D2979A5CD}.Release|Mixed Platforms.ActiveCfg = Release|Any CPU
		{71F98731-E464-42B7-843C-E97D2979A5CD}.Release|Mixed Platforms.Build.0 = Release|Any CPU
		{71F98731-E464-42B7-843C-E97D2979A5CD}.Release|x86.ActiveCfg = Release|Any CPU
		{356BF327-41E9-4C6C-BBE5-FD0453E0DF0B}.Debug|Any CPU.ActiveCfg = Debug|Any CPU
		{356BF327-41E9-4C6C-BBE5-FD0453E0DF0B}.Debug|Any CPU.Build.0 = Debug|Any CPU
		{356BF327-41E9-4C6C-BBE5-FD0453E0DF0B}.Debug|Mixed Platforms.ActiveCfg = Debug|Any CPU
		{356BF327-41E9-4C6C-BBE5-FD0453E0DF0B}.Debug|Mixed Platforms.Build.0 = Debug|Any CPU
		{356BF327-41E9-4C6C-BBE5-FD0453E0DF0B}.Debug|x86.ActiveCfg = Debug|Any CPU
		{356BF327-41E9-4C6C-BBE5-FD0453E0DF0B}.Linux Debug|Any CPU.ActiveCfg = Debug|Any CPU
		{356BF327-41E9-4C6C-BBE5-FD0453E0DF0B}.Linux Debug|Any CPU.Build.0 = Debug|Any CPU
		{356BF327-41E9-4C6C-BBE5-FD0453E0DF0B}.Linux Debug|Mixed Platforms.ActiveCfg = Debug|Any CPU
		{356BF327-41E9-4C6C-BBE5-FD0453E0DF0B}.Linux Debug|Mixed Platforms.Build.0 = Debug|Any CPU
		{356BF327-41E9-4C6C-BBE5-FD0453E0DF0B}.Linux Debug|x86.ActiveCfg = Debug|Any CPU
		{356BF327-41E9-4C6C-BBE5-FD0453E0DF0B}.Linux Release|Any CPU.ActiveCfg = Release|Any CPU
		{356BF327-41E9-4C6C-BBE5-FD0453E0DF0B}.Linux Release|Any CPU.Build.0 = Release|Any CPU
		{356BF327-41E9-4C6C-BBE5-FD0453E0DF0B}.Linux Release|Mixed Platforms.ActiveCfg = Release|Any CPU
		{356BF327-41E9-4C6C-BBE5-FD0453E0DF0B}.Linux Release|Mixed Platforms.Build.0 = Release|Any CPU
		{356BF327-41E9-4C6C-BBE5-FD0453E0DF0B}.Linux Release|x86.ActiveCfg = Release|Any CPU
		{356BF327-41E9-4C6C-BBE5-FD0453E0DF0B}.Linux Zee Debug|Any CPU.ActiveCfg = Debug|Any CPU
		{356BF327-41E9-4C6C-BBE5-FD0453E0DF0B}.Linux Zee Debug|Any CPU.Build.0 = Debug|Any CPU
		{356BF327-41E9-4C6C-BBE5-FD0453E0DF0B}.Linux Zee Debug|Mixed Platforms.ActiveCfg = Debug|Any CPU
		{356BF327-41E9-4C6C-BBE5-FD0453E0DF0B}.Linux Zee Debug|Mixed Platforms.Build.0 = Debug|Any CPU
		{356BF327-41E9-4C6C-BBE5-FD0453E0DF0B}.Linux Zee Debug|x86.ActiveCfg = Debug|Any CPU
		{356BF327-41E9-4C6C-BBE5-FD0453E0DF0B}.Linux Zee Release|Any CPU.ActiveCfg = Release|Any CPU
		{356BF327-41E9-4C6C-BBE5-FD0453E0DF0B}.Linux Zee Release|Any CPU.Build.0 = Release|Any CPU
		{356BF327-41E9-4C6C-BBE5-FD0453E0DF0B}.Linux Zee Release|Mixed Platforms.ActiveCfg = Release|Any CPU
		{356BF327-41E9-4C6C-BBE5-FD0453E0DF0B}.Linux Zee Release|Mixed Platforms.Build.0 = Release|Any CPU
		{356BF327-41E9-4C6C-BBE5-FD0453E0DF0B}.Linux Zee Release|x86.ActiveCfg = Release|Any CPU
		{356BF327-41E9-4C6C-BBE5-FD0453E0DF0B}.Linux ZeePlus Release|Any CPU.ActiveCfg = Release|Any CPU
		{356BF327-41E9-4C6C-BBE5-FD0453E0DF0B}.Linux ZeePlus Release|Any CPU.Build.0 = Release|Any CPU
		{356BF327-41E9-4C6C-BBE5-FD0453E0DF0B}.Linux ZeePlus Release|Mixed Platforms.ActiveCfg = Release|Any CPU
		{356BF327-41E9-4C6C-BBE5-FD0453E0DF0B}.Linux ZeePlus Release|Mixed Platforms.Build.0 = Release|Any CPU
		{356BF327-41E9-4C6C-BBE5-FD0453E0DF0B}.Linux ZeePlus Release|x86.ActiveCfg = Release|Any CPU
		{356BF327-41E9-4C6C-BBE5-FD0453E0DF0B}.Release|Any CPU.ActiveCfg = Release|Any CPU
		{356BF327-41E9-4C6C-BBE5-FD0453E0DF0B}.Release|Any CPU.Build.0 = Release|Any CPU
		{356BF327-41E9-4C6C-BBE5-FD0453E0DF0B}.Release|Mixed Platforms.ActiveCfg = Release|Any CPU
		{356BF327-41E9-4C6C-BBE5-FD0453E0DF0B}.Release|Mixed Platforms.Build.0 = Release|Any CPU
		{356BF327-41E9-4C6C-BBE5-FD0453E0DF0B}.Release|x86.ActiveCfg = Release|Any CPU
		{8D1F1E1A-03EE-4807-8C14-798C3F1A3031}.Debug|Any CPU.ActiveCfg = Debug|x86
		{8D1F1E1A-03EE-4807-8C14-798C3F1A3031}.Debug|Any CPU.Build.0 = Debug|x86
		{8D1F1E1A-03EE-4807-8C14-798C3F1A3031}.Debug|Mixed Platforms.ActiveCfg = Debug|x86
		{8D1F1E1A-03EE-4807-8C14-798C3F1A3031}.Debug|Mixed Platforms.Build.0 = Debug|x86
		{8D1F1E1A-03EE-4807-8C14-798C3F1A3031}.Debug|x86.ActiveCfg = Debug|x86
		{8D1F1E1A-03EE-4807-8C14-798C3F1A3031}.Debug|x86.Build.0 = Debug|x86
		{8D1F1E1A-03EE-4807-8C14-798C3F1A3031}.Linux Debug|Any CPU.ActiveCfg = Debug|x86
		{8D1F1E1A-03EE-4807-8C14-798C3F1A3031}.Linux Debug|Mixed Platforms.ActiveCfg = Debug|x86
		{8D1F1E1A-03EE-4807-8C14-798C3F1A3031}.Linux Debug|Mixed Platforms.Build.0 = Debug|x86
		{8D1F1E1A-03EE-4807-8C14-798C3F1A3031}.Linux Debug|x86.ActiveCfg = Debug|x86
		{8D1F1E1A-03EE-4807-8C14-798C3F1A3031}.Linux Debug|x86.Build.0 = Debug|x86
		{8D1F1E1A-03EE-4807-8C14-798C3F1A3031}.Linux Release|Any CPU.ActiveCfg = Release|x86
		{8D1F1E1A-03EE-4807-8C14-798C3F1A3031}.Linux Release|Mixed Platforms.ActiveCfg = Release|x86
		{8D1F1E1A-03EE-4807-8C14-798C3F1A3031}.Linux Release|Mixed Platforms.Build.0 = Release|x86
		{8D1F1E1A-03EE-4807-8C14-798C3F1A3031}.Linux Release|x86.ActiveCfg = Release|x86
		{8D1F1E1A-03EE-4807-8C14-798C3F1A3031}.Linux Release|x86.Build.0 = Release|x86
		{8D1F1E1A-03EE-4807-8C14-798C3F1A3031}.Linux Zee Debug|Any CPU.ActiveCfg = Debug|x86
		{8D1F1E1A-03EE-4807-8C14-798C3F1A3031}.Linux Zee Debug|Mixed Platforms.ActiveCfg = Debug|x86
		{8D1F1E1A-03EE-4807-8C14-798C3F1A3031}.Linux Zee Debug|Mixed Platforms.Build.0 = Debug|x86
		{8D1F1E1A-03EE-4807-8C14-798C3F1A3031}.Linux Zee Debug|x86.ActiveCfg = Debug|x86
		{8D1F1E1A-03EE-4807-8C14-798C3F1A3031}.Linux Zee Debug|x86.Build.0 = Debug|x86
		{8D1F1E1A-03EE-4807-8C14-798C3F1A3031}.Linux Zee Release|Any CPU.ActiveCfg = Release|x86
		{8D1F1E1A-03EE-4807-8C14-798C3F1A3031}.Linux Zee Release|Mixed Platforms.ActiveCfg = Release|x86
		{8D1F1E1A-03EE-4807-8C14-798C3F1A3031}.Linux Zee Release|Mixed Platforms.Build.0 = Release|x86
		{8D1F1E1A-03EE-4807-8C14-798C3F1A3031}.Linux Zee Release|x86.ActiveCfg = Release|x86
		{8D1F1E1A-03EE-4807-8C14-798C3F1A3031}.Linux Zee Release|x86.Build.0 = Release|x86
		{8D1F1E1A-03EE-4807-8C14-798C3F1A3031}.Linux ZeePlus Release|Any CPU.ActiveCfg = Release|x86
		{8D1F1E1A-03EE-4807-8C14-798C3F1A3031}.Linux ZeePlus Release|Mixed Platforms.ActiveCfg = Release|x86
		{8D1F1E1A-03EE-4807-8C14-798C3F1A3031}.Linux ZeePlus Release|Mixed Platforms.Build.0 = Release|x86
		{8D1F1E1A-03EE-4807-8C14-798C3F1A3031}.Linux ZeePlus Release|x86.ActiveCfg = Release|x86
		{8D1F1E1A-03EE-4807-8C14-798C3F1A3031}.Linux ZeePlus Release|x86.Build.0 = Release|x86
		{8D1F1E1A-03EE-4807-8C14-798C3F1A3031}.Release|Any CPU.ActiveCfg = Release|x86
		{8D1F1E1A-03EE-4807-8C14-798C3F1A3031}.Release|Any CPU.Build.0 = Release|x86
		{8D1F1E1A-03EE-4807-8C14-798C3F1A3031}.Release|Mixed Platforms.ActiveCfg = Release|x86
		{8D1F1E1A-03EE-4807-8C14-798C3F1A3031}.Release|Mixed Platforms.Build.0 = Release|x86
		{8D1F1E1A-03EE-4807-8C14-798C3F1A3031}.Release|x86.ActiveCfg = Release|x86
		{8D1F1E1A-03EE-4807-8C14-798C3F1A3031}.Release|x86.Build.0 = Release|x86
		{36F34E98-9880-457C-8386-CA83D5667744}.Debug|Any CPU.ActiveCfg = Debug|Any CPU
		{36F34E98-9880-457C-8386-CA83D5667744}.Debug|Any CPU.Build.0 = Debug|Any CPU
		{36F34E98-9880-457C-8386-CA83D5667744}.Debug|Mixed Platforms.ActiveCfg = Debug|Any CPU
		{36F34E98-9880-457C-8386-CA83D5667744}.Debug|Mixed Platforms.Build.0 = Debug|Any CPU
		{36F34E98-9880-457C-8386-CA83D5667744}.Debug|x86.ActiveCfg = Debug|Any CPU
		{36F34E98-9880-457C-8386-CA83D5667744}.Linux Debug|Any CPU.ActiveCfg = Debug|Any CPU
		{36F34E98-9880-457C-8386-CA83D5667744}.Linux Debug|Any CPU.Build.0 = Debug|Any CPU
		{36F34E98-9880-457C-8386-CA83D5667744}.Linux Debug|Mixed Platforms.ActiveCfg = Debug|Any CPU
		{36F34E98-9880-457C-8386-CA83D5667744}.Linux Debug|Mixed Platforms.Build.0 = Debug|Any CPU
		{36F34E98-9880-457C-8386-CA83D5667744}.Linux Debug|x86.ActiveCfg = Debug|Any CPU
		{36F34E98-9880-457C-8386-CA83D5667744}.Linux Release|Any CPU.ActiveCfg = Release|Any CPU
		{36F34E98-9880-457C-8386-CA83D5667744}.Linux Release|Any CPU.Build.0 = Release|Any CPU
		{36F34E98-9880-457C-8386-CA83D5667744}.Linux Release|Mixed Platforms.ActiveCfg = Release|Any CPU
		{36F34E98-9880-457C-8386-CA83D5667744}.Linux Release|Mixed Platforms.Build.0 = Release|Any CPU
		{36F34E98-9880-457C-8386-CA83D5667744}.Linux Release|x86.ActiveCfg = Release|Any CPU
		{36F34E98-9880-457C-8386-CA83D5667744}.Linux Zee Debug|Any CPU.ActiveCfg = Debug|Any CPU
		{36F34E98-9880-457C-8386-CA83D5667744}.Linux Zee Debug|Any CPU.Build.0 = Debug|Any CPU
		{36F34E98-9880-457C-8386-CA83D5667744}.Linux Zee Debug|Mixed Platforms.ActiveCfg = Debug|Any CPU
		{36F34E98-9880-457C-8386-CA83D5667744}.Linux Zee Debug|Mixed Platforms.Build.0 = Debug|Any CPU
		{36F34E98-9880-457C-8386-CA83D5667744}.Linux Zee Debug|x86.ActiveCfg = Debug|Any CPU
		{36F34E98-9880-457C-8386-CA83D5667744}.Linux Zee Release|Any CPU.ActiveCfg = Release|Any CPU
		{36F34E98-9880-457C-8386-CA83D5667744}.Linux Zee Release|Any CPU.Build.0 = Release|Any CPU
		{36F34E98-9880-457C-8386-CA83D5667744}.Linux Zee Release|Mixed Platforms.ActiveCfg = Release|Any CPU
		{36F34E98-9880-457C-8386-CA83D5667744}.Linux Zee Release|Mixed Platforms.Build.0 = Release|Any CPU
		{36F34E98-9880-457C-8386-CA83D5667744}.Linux Zee Release|x86.ActiveCfg = Release|Any CPU
		{36F34E98-9880-457C-8386-CA83D5667744}.Linux ZeePlus Release|Any CPU.ActiveCfg = Release|Any CPU
		{36F34E98-9880-457C-8386-CA83D5667744}.Linux ZeePlus Release|Any CPU.Build.0 = Release|Any CPU
		{36F34E98-9880-457C-8386-CA83D5667744}.Linux ZeePlus Release|Mixed Platforms.ActiveCfg = Release|Any CPU
		{36F34E98-9880-457C-8386-CA83D5667744}.Linux ZeePlus Release|Mixed Platforms.Build.0 = Release|Any CPU
		{36F34E98-9880-457C-8386-CA83D5667744}.Linux ZeePlus Release|x86.ActiveCfg = Release|Any CPU
		{36F34E98-9880-457C-8386-CA83D5667744}.Release|Any CPU.ActiveCfg = Release|Any CPU
		{36F34E98-9880-457C-8386-CA83D5667744}.Release|Any CPU.Build.0 = Release|Any CPU
		{36F34E98-9880-457C-8386-CA83D5667744}.Release|Mixed Platforms.ActiveCfg = Release|Any CPU
		{36F34E98-9880-457C-8386-CA83D5667744}.Release|Mixed Platforms.Build.0 = Release|Any CPU
		{36F34E98-9880-457C-8386-CA83D5667744}.Release|x86.ActiveCfg = Release|Any CPU
		{66FBBA6C-34E4-425A-A407-9E24A94F6966}.Debug|Any CPU.ActiveCfg = Debug|Any CPU
		{66FBBA6C-34E4-425A-A407-9E24A94F6966}.Debug|Any CPU.Build.0 = Debug|Any CPU
		{66FBBA6C-34E4-425A-A407-9E24A94F6966}.Debug|Mixed Platforms.ActiveCfg = Debug|Any CPU
		{66FBBA6C-34E4-425A-A407-9E24A94F6966}.Debug|Mixed Platforms.Build.0 = Debug|Any CPU
		{66FBBA6C-34E4-425A-A407-9E24A94F6966}.Debug|x86.ActiveCfg = Debug|Any CPU
		{66FBBA6C-34E4-425A-A407-9E24A94F6966}.Linux Debug|Any CPU.ActiveCfg = Debug|Any CPU
		{66FBBA6C-34E4-425A-A407-9E24A94F6966}.Linux Debug|Any CPU.Build.0 = Debug|Any CPU
		{66FBBA6C-34E4-425A-A407-9E24A94F6966}.Linux Debug|Mixed Platforms.ActiveCfg = Debug|Any CPU
		{66FBBA6C-34E4-425A-A407-9E24A94F6966}.Linux Debug|Mixed Platforms.Build.0 = Debug|Any CPU
		{66FBBA6C-34E4-425A-A407-9E24A94F6966}.Linux Debug|x86.ActiveCfg = Debug|Any CPU
		{66FBBA6C-34E4-425A-A407-9E24A94F6966}.Linux Release|Any CPU.ActiveCfg = Release|Any CPU
		{66FBBA6C-34E4-425A-A407-9E24A94F6966}.Linux Release|Any CPU.Build.0 = Release|Any CPU
		{66FBBA6C-34E4-425A-A407-9E24A94F6966}.Linux Release|Mixed Platforms.ActiveCfg = Release|Any CPU
		{66FBBA6C-34E4-425A-A407-9E24A94F6966}.Linux Release|Mixed Platforms.Build.0 = Release|Any CPU
		{66FBBA6C-34E4-425A-A407-9E24A94F6966}.Linux Release|x86.ActiveCfg = Release|Any CPU
		{66FBBA6C-34E4-425A-A407-9E24A94F6966}.Linux Zee Debug|Any CPU.ActiveCfg = Debug|Any CPU
		{66FBBA6C-34E4-425A-A407-9E24A94F6966}.Linux Zee Debug|Any CPU.Build.0 = Debug|Any CPU
		{66FBBA6C-34E4-425A-A407-9E24A94F6966}.Linux Zee Debug|Mixed Platforms.ActiveCfg = Debug|Any CPU
		{66FBBA6C-34E4-425A-A407-9E24A94F6966}.Linux Zee Debug|Mixed Platforms.Build.0 = Debug|Any CPU
		{66FBBA6C-34E4-425A-A407-9E24A94F6966}.Linux Zee Debug|x86.ActiveCfg = Debug|Any CPU
		{66FBBA6C-34E4-425A-A407-9E24A94F6966}.Linux Zee Release|Any CPU.ActiveCfg = Release|Any CPU
		{66FBBA6C-34E4-425A-A407-9E24A94F6966}.Linux Zee Release|Any CPU.Build.0 = Release|Any CPU
		{66FBBA6C-34E4-425A-A407-9E24A94F6966}.Linux Zee Release|Mixed Platforms.ActiveCfg = Release|Any CPU
		{66FBBA6C-34E4-425A-A407-9E24A94F6966}.Linux Zee Release|Mixed Platforms.Build.0 = Release|Any CPU
		{66FBBA6C-34E4-425A-A407-9E24A94F6966}.Linux Zee Release|x86.ActiveCfg = Release|Any CPU
		{66FBBA6C-34E4-425A-A407-9E24A94F6966}.Linux ZeePlus Release|Any CPU.ActiveCfg = Release|Any CPU
		{66FBBA6C-34E4-425A-A407-9E24A94F6966}.Linux ZeePlus Release|Any CPU.Build.0 = Release|Any CPU
		{66FBBA6C-34E4-425A-A407-9E24A94F6966}.Linux ZeePlus Release|Mixed Platforms.ActiveCfg = Release|Any CPU
		{66FBBA6C-34E4-425A-A407-9E24A94F6966}.Linux ZeePlus Release|Mixed Platforms.Build.0 = Release|Any CPU
		{66FBBA6C-34E4-425A-A407-9E24A94F6966}.Linux ZeePlus Release|x86.ActiveCfg = Release|Any CPU
		{66FBBA6C-34E4-425A-A407-9E24A94F6966}.Release|Any CPU.ActiveCfg = Release|Any CPU
		{66FBBA6C-34E4-425A-A407-9E24A94F6966}.Release|Any CPU.Build.0 = Release|Any CPU
		{66FBBA6C-34E4-425A-A407-9E24A94F6966}.Release|Mixed Platforms.ActiveCfg = Release|Any CPU
		{66FBBA6C-34E4-425A-A407-9E24A94F6966}.Release|Mixed Platforms.Build.0 = Release|Any CPU
		{66FBBA6C-34E4-425A-A407-9E24A94F6966}.Release|x86.ActiveCfg = Release|Any CPU
		{85895839-7F7D-406B-943D-F6BFDE43DBB9}.Debug|Any CPU.ActiveCfg = Debug|Any CPU
		{85895839-7F7D-406B-943D-F6BFDE43DBB9}.Debug|Any CPU.Build.0 = Debug|Any CPU
		{85895839-7F7D-406B-943D-F6BFDE43DBB9}.Debug|Mixed Platforms.ActiveCfg = Debug|Any CPU
		{85895839-7F7D-406B-943D-F6BFDE43DBB9}.Debug|Mixed Platforms.Build.0 = Debug|Any CPU
		{85895839-7F7D-406B-943D-F6BFDE43DBB9}.Debug|x86.ActiveCfg = Debug|Any CPU
		{85895839-7F7D-406B-943D-F6BFDE43DBB9}.Linux Debug|Any CPU.ActiveCfg = Debug|Any CPU
		{85895839-7F7D-406B-943D-F6BFDE43DBB9}.Linux Debug|Any CPU.Build.0 = Debug|Any CPU
		{85895839-7F7D-406B-943D-F6BFDE43DBB9}.Linux Debug|Mixed Platforms.ActiveCfg = Debug|Any CPU
		{85895839-7F7D-406B-943D-F6BFDE43DBB9}.Linux Debug|Mixed Platforms.Build.0 = Debug|Any CPU
		{85895839-7F7D-406B-943D-F6BFDE43DBB9}.Linux Debug|x86.ActiveCfg = Debug|Any CPU
		{85895839-7F7D-406B-943D-F6BFDE43DBB9}.Linux Release|Any CPU.ActiveCfg = Release|Any CPU
		{85895839-7F7D-406B-943D-F6BFDE43DBB9}.Linux Release|Any CPU.Build.0 = Release|Any CPU
		{85895839-7F7D-406B-943D-F6BFDE43DBB9}.Linux Release|Mixed Platforms.ActiveCfg = Release|Any CPU
		{85895839-7F7D-406B-943D-F6BFDE43DBB9}.Linux Release|Mixed Platforms.Build.0 = Release|Any CPU
		{85895839-7F7D-406B-943D-F6BFDE43DBB9}.Linux Release|x86.ActiveCfg = Release|Any CPU
		{85895839-7F7D-406B-943D-F6BFDE43DBB9}.Linux Zee Debug|Any CPU.ActiveCfg = Debug|Any CPU
		{85895839-7F7D-406B-943D-F6BFDE43DBB9}.Linux Zee Debug|Any CPU.Build.0 = Debug|Any CPU
		{85895839-7F7D-406B-943D-F6BFDE43DBB9}.Linux Zee Debug|Mixed Platforms.ActiveCfg = Debug|Any CPU
		{85895839-7F7D-406B-943D-F6BFDE43DBB9}.Linux Zee Debug|Mixed Platforms.Build.0 = Debug|Any CPU
		{85895839-7F7D-406B-943D-F6BFDE43DBB9}.Linux Zee Debug|x86.ActiveCfg = Debug|Any CPU
		{85895839-7F7D-406B-943D-F6BFDE43DBB9}.Linux Zee Release|Any CPU.ActiveCfg = Release|Any CPU
		{85895839-7F7D-406B-943D-F6BFDE43DBB9}.Linux Zee Release|Any CPU.Build.0 = Release|Any CPU
		{85895839-7F7D-406B-943D-F6BFDE43DBB9}.Linux Zee Release|Mixed Platforms.ActiveCfg = Release|Any CPU
		{85895839-7F7D-406B-943D-F6BFDE43DBB9}.Linux Zee Release|Mixed Platforms.Build.0 = Release|Any CPU
		{85895839-7F7D-406B-943D-F6BFDE43DBB9}.Linux Zee Release|x86.ActiveCfg = Release|Any CPU
		{85895839-7F7D-406B-943D-F6BFDE43DBB9}.Linux ZeePlus Release|Any CPU.ActiveCfg = Release|Any CPU
		{85895839-7F7D-406B-943D-F6BFDE43DBB9}.Linux ZeePlus Release|Any CPU.Build.0 = Release|Any CPU
		{85895839-7F7D-406B-943D-F6BFDE43DBB9}.Linux ZeePlus Release|Mixed Platforms.ActiveCfg = Release|Any CPU
		{85895839-7F7D-406B-943D-F6BFDE43DBB9}.Linux ZeePlus Release|Mixed Platforms.Build.0 = Release|Any CPU
		{85895839-7F7D-406B-943D-F6BFDE43DBB9}.Linux ZeePlus Release|x86.ActiveCfg = Release|Any CPU
		{85895839-7F7D-406B-943D-F6BFDE43DBB9}.Release|Any CPU.ActiveCfg = Release|Any CPU
		{85895839-7F7D-406B-943D-F6BFDE43DBB9}.Release|Any CPU.Build.0 = Release|Any CPU
		{85895839-7F7D-406B-943D-F6BFDE43DBB9}.Release|Mixed Platforms.ActiveCfg = Release|Any CPU
		{85895839-7F7D-406B-943D-F6BFDE43DBB9}.Release|Mixed Platforms.Build.0 = Release|Any CPU
		{85895839-7F7D-406B-943D-F6BFDE43DBB9}.Release|x86.ActiveCfg = Release|Any CPU
		{64189C38-D99C-4799-9C63-1E7AD7A83F5A}.Debug|Any CPU.ActiveCfg = Debug|Any CPU
		{64189C38-D99C-4799-9C63-1E7AD7A83F5A}.Debug|Any CPU.Build.0 = Debug|Any CPU
		{64189C38-D99C-4799-9C63-1E7AD7A83F5A}.Debug|Mixed Platforms.ActiveCfg = Debug|x86
		{64189C38-D99C-4799-9C63-1E7AD7A83F5A}.Debug|Mixed Platforms.Build.0 = Debug|x86
		{64189C38-D99C-4799-9C63-1E7AD7A83F5A}.Debug|x86.ActiveCfg = Debug|x86
		{64189C38-D99C-4799-9C63-1E7AD7A83F5A}.Debug|x86.Build.0 = Debug|x86
		{64189C38-D99C-4799-9C63-1E7AD7A83F5A}.Linux Debug|Any CPU.ActiveCfg = Linux Debug|Any CPU
		{64189C38-D99C-4799-9C63-1E7AD7A83F5A}.Linux Debug|Any CPU.Build.0 = Linux Debug|Any CPU
		{64189C38-D99C-4799-9C63-1E7AD7A83F5A}.Linux Debug|Mixed Platforms.ActiveCfg = Linux Debug|x86
		{64189C38-D99C-4799-9C63-1E7AD7A83F5A}.Linux Debug|Mixed Platforms.Build.0 = Linux Debug|x86
		{64189C38-D99C-4799-9C63-1E7AD7A83F5A}.Linux Debug|x86.ActiveCfg = Linux Debug|x86
		{64189C38-D99C-4799-9C63-1E7AD7A83F5A}.Linux Debug|x86.Build.0 = Linux Debug|x86
		{64189C38-D99C-4799-9C63-1E7AD7A83F5A}.Linux Release|Any CPU.ActiveCfg = Linux Release|Any CPU
		{64189C38-D99C-4799-9C63-1E7AD7A83F5A}.Linux Release|Any CPU.Build.0 = Linux Release|Any CPU
		{64189C38-D99C-4799-9C63-1E7AD7A83F5A}.Linux Release|Mixed Platforms.ActiveCfg = Linux Release|x86
		{64189C38-D99C-4799-9C63-1E7AD7A83F5A}.Linux Release|Mixed Platforms.Build.0 = Linux Release|x86
		{64189C38-D99C-4799-9C63-1E7AD7A83F5A}.Linux Release|x86.ActiveCfg = Linux Release|x86
		{64189C38-D99C-4799-9C63-1E7AD7A83F5A}.Linux Release|x86.Build.0 = Linux Release|x86
		{64189C38-D99C-4799-9C63-1E7AD7A83F5A}.Linux Zee Debug|Any CPU.ActiveCfg = Linux Zee Debug|Any CPU
		{64189C38-D99C-4799-9C63-1E7AD7A83F5A}.Linux Zee Debug|Any CPU.Build.0 = Linux Zee Debug|Any CPU
		{64189C38-D99C-4799-9C63-1E7AD7A83F5A}.Linux Zee Debug|Mixed Platforms.ActiveCfg = Linux Zee Debug|x86
		{64189C38-D99C-4799-9C63-1E7AD7A83F5A}.Linux Zee Debug|Mixed Platforms.Build.0 = Linux Zee Debug|x86
		{64189C38-D99C-4799-9C63-1E7AD7A83F5A}.Linux Zee Debug|x86.ActiveCfg = Linux Zee Debug|x86
		{64189C38-D99C-4799-9C63-1E7AD7A83F5A}.Linux Zee Debug|x86.Build.0 = Linux Zee Debug|x86
		{64189C38-D99C-4799-9C63-1E7AD7A83F5A}.Linux Zee Release|Any CPU.ActiveCfg = Linux Zee Release|Any CPU
		{64189C38-D99C-4799-9C63-1E7AD7A83F5A}.Linux Zee Release|Any CPU.Build.0 = Linux Zee Release|Any CPU
		{64189C38-D99C-4799-9C63-1E7AD7A83F5A}.Linux Zee Release|Mixed Platforms.ActiveCfg = Linux Zee Release|x86
		{64189C38-D99C-4799-9C63-1E7AD7A83F5A}.Linux Zee Release|Mixed Platforms.Build.0 = Linux Zee Release|x86
		{64189C38-D99C-4799-9C63-1E7AD7A83F5A}.Linux Zee Release|x86.ActiveCfg = Linux Zee Release|x86
		{64189C38-D99C-4799-9C63-1E7AD7A83F5A}.Linux Zee Release|x86.Build.0 = Linux Zee Release|x86
		{64189C38-D99C-4799-9C63-1E7AD7A83F5A}.Linux ZeePlus Release|Any CPU.ActiveCfg = Linux ZeePlus Release|Any CPU
		{64189C38-D99C-4799-9C63-1E7AD7A83F5A}.Linux ZeePlus Release|Any CPU.Build.0 = Linux ZeePlus Release|Any CPU
		{64189C38-D99C-4799-9C63-1E7AD7A83F5A}.Linux ZeePlus Release|Mixed Platforms.ActiveCfg = Linux ZeePlus Release|x86
		{64189C38-D99C-4799-9C63-1E7AD7A83F5A}.Linux ZeePlus Release|Mixed Platforms.Build.0 = Linux ZeePlus Release|x86
		{64189C38-D99C-4799-9C63-1E7AD7A83F5A}.Linux ZeePlus Release|x86.ActiveCfg = Linux ZeePlus Release|x86
		{64189C38-D99C-4799-9C63-1E7AD7A83F5A}.Linux ZeePlus Release|x86.Build.0 = Linux ZeePlus Release|x86
		{64189C38-D99C-4799-9C63-1E7AD7A83F5A}.Release|Any CPU.ActiveCfg = Release|Any CPU
		{64189C38-D99C-4799-9C63-1E7AD7A83F5A}.Release|Any CPU.Build.0 = Release|Any CPU
		{64189C38-D99C-4799-9C63-1E7AD7A83F5A}.Release|Mixed Platforms.ActiveCfg = Release|x86
		{64189C38-D99C-4799-9C63-1E7AD7A83F5A}.Release|Mixed Platforms.Build.0 = Release|x86
		{64189C38-D99C-4799-9C63-1E7AD7A83F5A}.Release|x86.ActiveCfg = Release|x86
		{64189C38-D99C-4799-9C63-1E7AD7A83F5A}.Release|x86.Build.0 = Release|x86
		{D3646EFA-1CB6-4CF6-83C7-1963525FC3F0}.Debug|Any CPU.ActiveCfg = Debug|Any CPU
		{D3646EFA-1CB6-4CF6-83C7-1963525FC3F0}.Debug|Any CPU.Build.0 = Debug|Any CPU
		{D3646EFA-1CB6-4CF6-83C7-1963525FC3F0}.Debug|Mixed Platforms.ActiveCfg = Debug|Any CPU
		{D3646EFA-1CB6-4CF6-83C7-1963525FC3F0}.Debug|Mixed Platforms.Build.0 = Debug|Any CPU
		{D3646EFA-1CB6-4CF6-83C7-1963525FC3F0}.Debug|x86.ActiveCfg = Debug|Any CPU
		{D3646EFA-1CB6-4CF6-83C7-1963525FC3F0}.Linux Debug|Any CPU.ActiveCfg = Debug|Any CPU
		{D3646EFA-1CB6-4CF6-83C7-1963525FC3F0}.Linux Debug|Any CPU.Build.0 = Debug|Any CPU
		{D3646EFA-1CB6-4CF6-83C7-1963525FC3F0}.Linux Debug|Mixed Platforms.ActiveCfg = Debug|Any CPU
		{D3646EFA-1CB6-4CF6-83C7-1963525FC3F0}.Linux Debug|Mixed Platforms.Build.0 = Debug|Any CPU
		{D3646EFA-1CB6-4CF6-83C7-1963525FC3F0}.Linux Debug|x86.ActiveCfg = Debug|Any CPU
		{D3646EFA-1CB6-4CF6-83C7-1963525FC3F0}.Linux Release|Any CPU.ActiveCfg = Release|Any CPU
		{D3646EFA-1CB6-4CF6-83C7-1963525FC3F0}.Linux Release|Any CPU.Build.0 = Release|Any CPU
		{D3646EFA-1CB6-4CF6-83C7-1963525FC3F0}.Linux Release|Mixed Platforms.ActiveCfg = Release|Any CPU
		{D3646EFA-1CB6-4CF6-83C7-1963525FC3F0}.Linux Release|Mixed Platforms.Build.0 = Release|Any CPU
		{D3646EFA-1CB6-4CF6-83C7-1963525FC3F0}.Linux Release|x86.ActiveCfg = Release|Any CPU
		{D3646EFA-1CB6-4CF6-83C7-1963525FC3F0}.Linux Zee Debug|Any CPU.ActiveCfg = Debug|Any CPU
		{D3646EFA-1CB6-4CF6-83C7-1963525FC3F0}.Linux Zee Debug|Any CPU.Build.0 = Debug|Any CPU
		{D3646EFA-1CB6-4CF6-83C7-1963525FC3F0}.Linux Zee Debug|Mixed Platforms.ActiveCfg = Debug|Any CPU
		{D3646EFA-1CB6-4CF6-83C7-1963525FC3F0}.Linux Zee Debug|Mixed Platforms.Build.0 = Debug|Any CPU
		{D3646EFA-1CB6-4CF6-83C7-1963525FC3F0}.Linux Zee Debug|x86.ActiveCfg = Debug|Any CPU
		{D3646EFA-1CB6-4CF6-83C7-1963525FC3F0}.Linux Zee Release|Any CPU.ActiveCfg = Release|Any CPU
		{D3646EFA-1CB6-4CF6-83C7-1963525FC3F0}.Linux Zee Release|Any CPU.Build.0 = Release|Any CPU
		{D3646EFA-1CB6-4CF6-83C7-1963525FC3F0}.Linux Zee Release|Mixed Platforms.ActiveCfg = Release|Any CPU
		{D3646EFA-1CB6-4CF6-83C7-1963525FC3F0}.Linux Zee Release|Mixed Platforms.Build.0 = Release|Any CPU
		{D3646EFA-1CB6-4CF6-83C7-1963525FC3F0}.Linux Zee Release|x86.ActiveCfg = Release|Any CPU
		{D3646EFA-1CB6-4CF6-83C7-1963525FC3F0}.Linux ZeePlus Release|Any CPU.ActiveCfg = Release|Any CPU
		{D3646EFA-1CB6-4CF6-83C7-1963525FC3F0}.Linux ZeePlus Release|Any CPU.Build.0 = Release|Any CPU
		{D3646EFA-1CB6-4CF6-83C7-1963525FC3F0}.Linux ZeePlus Release|Mixed Platforms.ActiveCfg = Release|Any CPU
		{D3646EFA-1CB6-4CF6-83C7-1963525FC3F0}.Linux ZeePlus Release|Mixed Platforms.Build.0 = Release|Any CPU
		{D3646EFA-1CB6-4CF6-83C7-1963525FC3F0}.Linux ZeePlus Release|x86.ActiveCfg = Release|Any CPU
		{D3646EFA-1CB6-4CF6-83C7-1963525FC3F0}.Release|Any CPU.ActiveCfg = Release|Any CPU
		{D3646EFA-1CB6-4CF6-83C7-1963525FC3F0}.Release|Any CPU.Build.0 = Release|Any CPU
		{D3646EFA-1CB6-4CF6-83C7-1963525FC3F0}.Release|Mixed Platforms.ActiveCfg = Release|Any CPU
		{D3646EFA-1CB6-4CF6-83C7-1963525FC3F0}.Release|Mixed Platforms.Build.0 = Release|Any CPU
		{D3646EFA-1CB6-4CF6-83C7-1963525FC3F0}.Release|x86.ActiveCfg = Release|Any CPU
	EndGlobalSection
	GlobalSection(SolutionProperties) = preSolution
		HideSolutionNode = FALSE
	EndGlobalSection
	GlobalSection(MonoDevelopProperties) = preSolution
		StartupItem = AmpMixer\AmpMixer.csproj
	EndGlobalSection
EndGlobal
